
Microsoft Visual Studio Solution File, Format Version 12.00
# Visual Studio Version 17
VisualStudioVersion = 17.8.34330.188
MinimumVisualStudioVersion = 10.0.40219.1
Project("{9A19103F-16F7-4668-BE54-9A1E7A4F7556}") = "CMGReadAndWrite", "ConsoleApp1\CMGReadAndWrite.csproj", "{78449D80-1F98-4340-BEE1-027FDF65A7F8}"
EndProject
Project("{9A19103F-16F7-4668-BE54-9A1E7A4F7556}") = "ClassLibrary1", "ClassLibrary1\ClassLibrary1.csproj", "{5A4BC258-DED3-43CD-A826-CFE89AB9C6C6}"
EndProject
Global
	GlobalSection(SolutionConfigurationPlatforms) = preSolution
		Debug|Any CPU = Debug|Any CPU
		Release|Any CPU = Release|Any CPU
	EndGlobalSection
	GlobalSection(ProjectConfigurationPlatforms) = postSolution
		{78449D80-1F98-4340-BEE1-027FDF65A7F8}.Debug|Any CPU.ActiveCfg = Debug|Any CPU
		{78449D80-1F98-4340-BEE1-027FDF65A7F8}.Debug|Any CPU.Build.0 = Debug|Any CPU
		{78449D80-1F98-4340-BEE1-027FDF65A7F8}.Release|Any CPU.ActiveCfg = Release|Any CPU
		{78449D80-1F98-4340-BEE1-027FDF65A7F8}.Release|Any CPU.Build.0 = Release|Any CPU
		{5A4BC258-DED3-43CD-A826-CFE89AB9C6C6}.Debug|Any CPU.ActiveCfg = Debug|Any CPU
		{5A4BC258-DED3-43CD-A826-CFE89AB9C6C6}.Debug|Any CPU.Build.0 = Debug|Any CPU
		{5A4BC258-DED3-43CD-A826-CFE89AB9C6C6}.Release|Any CPU.ActiveCfg = Release|Any CPU
		{5A4BC258-DED3-43CD-A826-CFE89AB9C6C6}.Release|Any CPU.Build.0 = Release|Any CPU
	EndGlobalSection
	GlobalSection(SolutionProperties) = preSolution
		HideSolutionNode = FALSE
	EndGlobalSection
	GlobalSection(ExtensibilityGlobals) = postSolution
		SolutionGuid = {5E2C5C02-1E0C-42DC-97C4-AD1005271376}
	EndGlobalSection
EndGlobal
